
Microsoft Visual Studio Solution File, Format Version 12.00
# Visual Studio Version 17
VisualStudioVersion = 17.0.31903.59
MinimumVisualStudioVersion = 10.0.40219.1
Project("{2150E333-8FDC-42A3-9474-1A3956D46DE8}") = "src", "src", "{827E0CD3-B72D-47B6-A68D-7590B98EB39B}"
EndProject
Project("{FAE04EC0-301F-11D3-BF4B-00C04F79EFBC}") = "ECommerceProductCatalog.Domain", "src\ECommerceProductCatalog.Domain\ECommerceProductCatalog.Domain.csproj", "{11880D79-8089-4B68-8BFF-A7566F81C129}"
EndProject
Project("{FAE04EC0-301F-11D3-BF4B-00C04F79EFBC}") = "ECommerceProductCatalog.Application", "src\ECommerceProductCatalog.Application\ECommerceProductCatalog.Application.csproj", "{466F7F96-7AEB-4882-A156-E157BB297CF3}"
EndProject
Project("{FAE04EC0-301F-11D3-BF4B-00C04F79EFBC}") = "ECommerceProductCatalog.Infrastructure", "src\ECommerceProductCatalog.Infrastructure\ECommerceProductCatalog.Infrastructure.csproj", "{4F0AC904-EE6D-446A-AD84-0ADC17DC3A72}"
EndProject
Project("{FAE04EC0-301F-11D3-BF4B-00C04F79EFBC}") = "ECommerceProductCatalog.API", "src\ECommerceProductCatalog.API\ECommerceProductCatalog.API.csproj", "{E97A3788-A293-4454-AC2D-67D6B793F204}"
EndProject
Project("{2150E333-8FDC-42A3-9474-1A3956D46DE8}") = "tests", "tests", "{0AB3BF05-4346-4AA6-1389-037BE0695223}"
EndProject
Project("{FAE04EC0-301F-11D3-BF4B-00C04F79EFBC}") = "ECommerceProductCatalog.Tests", "tests\ECommerceProductCatalog.Tests\ECommerceProductCatalog.Tests.csproj", "{FD39F486-8E86-4A93-AB7C-A7171026E6B6}"
EndProject
Global
	GlobalSection(SolutionConfigurationPlatforms) = preSolution
		Debug|Any CPU = Debug|Any CPU
		Debug|x64 = Debug|x64
		Debug|x86 = Debug|x86
		Release|Any CPU = Release|Any CPU
		Release|x64 = Release|x64
		Release|x86 = Release|x86
	EndGlobalSection
	GlobalSection(ProjectConfigurationPlatforms) = postSolution
		{11880D79-8089-4B68-8BFF-A7566F81C129}.Debug|Any CPU.ActiveCfg = Debug|Any CPU
		{11880D79-8089-4B68-8BFF-A7566F81C129}.Debug|Any CPU.Build.0 = Debug|Any CPU
		{11880D79-8089-4B68-8BFF-A7566F81C129}.Debug|x64.ActiveCfg = Debug|Any CPU
		{11880D79-8089-4B68-8BFF-A7566F81C129}.Debug|x64.Build.0 = Debug|Any CPU
		{11880D79-8089-4B68-8BFF-A7566F81C129}.Debug|x86.ActiveCfg = Debug|Any CPU
		{11880D79-8089-4B68-8BFF-A7566F81C129}.Debug|x86.Build.0 = Debug|Any CPU
		{11880D79-8089-4B68-8BFF-A7566F81C129}.Release|Any CPU.ActiveCfg = Release|Any CPU
		{11880D79-8089-4B68-8BFF-A7566F81C129}.Release|Any CPU.Build.0 = Release|Any CPU
		{11880D79-8089-4B68-8BFF-A7566F81C129}.Release|x64.ActiveCfg = Release|Any CPU
		{11880D79-8089-4B68-8BFF-A7566F81C129}.Release|x64.Build.0 = Release|Any CPU
		{11880D79-8089-4B68-8BFF-A7566F81C129}.Release|x86.ActiveCfg = Release|Any CPU
		{11880D79-8089-4B68-8BFF-A7566F81C129}.Release|x86.Build.0 = Release|Any CPU
		{466F7F96-7AEB-4882-A156-E157BB297CF3}.Debug|Any CPU.ActiveCfg = Debug|Any CPU
		{466F7F96-7AEB-4882-A156-E157BB297CF3}.Debug|Any CPU.Build.0 = Debug|Any CPU
		{466F7F96-7AEB-4882-A156-E157BB297CF3}.Debug|x64.ActiveCfg = Debug|Any CPU
		{466F7F96-7AEB-4882-A156-E157BB297CF3}.Debug|x64.Build.0 = Debug|Any CPU
		{466F7F96-7AEB-4882-A156-E157BB297CF3}.Debug|x86.ActiveCfg = Debug|Any CPU
		{466F7F96-7AEB-4882-A156-E157BB297CF3}.Debug|x86.Build.0 = Debug|Any CPU
		{466F7F96-7AEB-4882-A156-E157BB297CF3}.Release|Any CPU.ActiveCfg = Release|Any CPU
		{466F7F96-7AEB-4882-A156-E157BB297CF3}.Release|Any CPU.Build.0 = Release|Any CPU
		{466F7F96-7AEB-4882-A156-E157BB297CF3}.Release|x64.ActiveCfg = Release|Any CPU
		{466F7F96-7AEB-4882-A156-E157BB297CF3}.Release|x64.Build.0 = Release|Any CPU
		{466F7F96-7AEB-4882-A156-E157BB297CF3}.Release|x86.ActiveCfg = Release|Any CPU
		{466F7F96-7AEB-4882-A156-E157BB297CF3}.Release|x86.Build.0 = Release|Any CPU
		{4F0AC904-EE6D-446A-AD84-0ADC17DC3A72}.Debug|Any CPU.ActiveCfg = Debug|Any CPU
		{4F0AC904-EE6D-446A-AD84-0ADC17DC3A72}.Debug|Any CPU.Build.0 = Debug|Any CPU
		{4F0AC904-EE6D-446A-AD84-0ADC17DC3A72}.Debug|x64.ActiveCfg = Debug|Any CPU
		{4F0AC904-EE6D-446A-AD84-0ADC17DC3A72}.Debug|x64.Build.0 = Debug|Any CPU
		{4F0AC904-EE6D-446A-AD84-0ADC17DC3A72}.Debug|x86.ActiveCfg = Debug|Any CPU
		{4F0AC904-EE6D-446A-AD84-0ADC17DC3A72}.Debug|x86.Build.0 = Debug|Any CPU
		{4F0AC904-EE6D-446A-AD84-0ADC17DC3A72}.Release|Any CPU.ActiveCfg = Release|Any CPU
		{4F0AC904-EE6D-446A-AD84-0ADC17DC3A72}.Release|Any CPU.Build.0 = Release|Any CPU
		{4F0AC904-EE6D-446A-AD84-0ADC17DC3A72}.Release|x64.ActiveCfg = Release|Any CPU
		{4F0AC904-EE6D-446A-AD84-0ADC17DC3A72}.Release|x64.Build.0 = Release|Any CPU
		{4F0AC904-EE6D-446A-AD84-0ADC17DC3A72}.Release|x86.ActiveCfg = Release|Any CPU
		{4F0AC904-EE6D-446A-AD84-0ADC17DC3A72}.Release|x86.Build.0 = Release|Any CPU
		{E97A3788-A293-4454-AC2D-67D6B793F204}.Debug|Any CPU.ActiveCfg = Debug|Any CPU
		{E97A3788-A293-4454-AC2D-67D6B793F204}.Debug|Any CPU.Build.0 = Debug|Any CPU
		{E97A3788-A293-4454-AC2D-67D6B793F204}.Debug|x64.ActiveCfg = Debug|Any CPU
		{E97A3788-A293-4454-AC2D-67D6B793F204}.Debug|x64.Build.0 = Debug|Any CPU
		{E97A3788-A293-4454-AC2D-67D6B793F204}.Debug|x86.ActiveCfg = Debug|Any CPU
		{E97A3788-A293-4454-AC2D-67D6B793F204}.Debug|x86.Build.0 = Debug|Any CPU
		{E97A3788-A293-4454-AC2D-67D6B793F204}.Release|Any CPU.ActiveCfg = Release|Any CPU
		{E97A3788-A293-4454-AC2D-67D6B793F204}.Release|Any CPU.Build.0 = Release|Any CPU
		{E97A3788-A293-4454-AC2D-67D6B793F204}.Release|x64.ActiveCfg = Release|Any CPU
		{E97A3788-A293-4454-AC2D-67D6B793F204}.Release|x64.Build.0 = Release|Any CPU
		{E97A3788-A293-4454-AC2D-67D6B793F204}.Release|x86.ActiveCfg = Release|Any CPU
		{E97A3788-A293-4454-AC2D-67D6B793F204}.Release|x86.Build.0 = Release|Any CPU
		{FD39F486-8E86-4A93-AB7C-A7171026E6B6}.Debug|Any CPU.ActiveCfg = Debug|Any CPU
		{FD39F486-8E86-4A93-AB7C-A7171026E6B6}.Debug|Any CPU.Build.0 = Debug|Any CPU
		{FD39F486-8E86-4A93-AB7C-A7171026E6B6}.Debug|x64.ActiveCfg = Debug|Any CPU
		{FD39F486-8E86-4A93-AB7C-A7171026E6B6}.Debug|x64.Build.0 = Debug|Any CPU
		{FD39F486-8E86-4A93-AB7C-A7171026E6B6}.Debug|x86.ActiveCfg = Debug|Any CPU
		{FD39F486-8E86-4A93-AB7C-A7171026E6B6}.Debug|x86.Build.0 = Debug|Any CPU
		{FD39F486-8E86-4A93-AB7C-A7171026E6B6}.Release|Any CPU.ActiveCfg = Release|Any CPU
		{FD39F486-8E86-4A93-AB7C-A7171026E6B6}.Release|Any CPU.Build.0 = Release|Any CPU
		{FD39F486-8E86-4A93-AB7C-A7171026E6B6}.Release|x64.ActiveCfg = Release|Any CPU
		{FD39F486-8E86-4A93-AB7C-A7171026E6B6}.Release|x64.Build.0 = Release|Any CPU
		{FD39F486-8E86-4A93-AB7C-A7171026E6B6}.Release|x86.ActiveCfg = Release|Any CPU
		{FD39F486-8E86-4A93-AB7C-A7171026E6B6}.Release|x86.Build.0 = Release|Any CPU
	EndGlobalSection
	GlobalSection(SolutionProperties) = preSolution
		HideSolutionNode = FALSE
	EndGlobalSection
	GlobalSection(NestedProjects) = preSolution
		{11880D79-8089-4B68-8BFF-A7566F81C129} = {827E0CD3-B72D-47B6-A68D-7590B98EB39B}
		{466F7F96-7AEB-4882-A156-E157BB297CF3} = {827E0CD3-B72D-47B6-A68D-7590B98EB39B}
		{4F0AC904-EE6D-446A-AD84-0ADC17DC3A72} = {827E0CD3-B72D-47B6-A68D-7590B98EB39B}
		{E97A3788-A293-4454-AC2D-67D6B793F204} = {827E0CD3-B72D-47B6-A68D-7590B98EB39B}
		{FD39F486-8E86-4A93-AB7C-A7171026E6B6} = {0AB3BF05-4346-4AA6-1389-037BE0695223}
	EndGlobalSection
EndGlobal
